
Microsoft Visual Studio Solution File, Format Version 12.00
# Visual Studio Version 17
VisualStudioVersion = 17.1.32210.238
MinimumVisualStudioVersion = 10.0.40219.1
Project("{FAE04EC0-301F-11D3-BF4B-00C04F79EFBC}") = "BethanysPieShop", "BethanysPieShop.csproj", "{C34ED99C-169F-4C11-9632-AEE9188B2C14}"
EndProject
Global
	GlobalSection(SolutionConfigurationPlatforms) = preSolution
		Debug|Any CPU = Debug|Any CPU
		Release|Any CPU = Release|Any CPU
	EndGlobalSection
	GlobalSection(ProjectConfigurationPlatforms) = postSolution
		{C34ED99C-169F-4C11-9632-AEE9188B2C14}.Debug|Any CPU.ActiveCfg = Debug|Any CPU
		{C34ED99C-169F-4C11-9632-AEE9188B2C14}.Debug|Any CPU.Build.0 = Debug|Any CPU
		{C34ED99C-169F-4C11-9632-AEE9188B2C14}.Release|Any CPU.ActiveCfg = Release|Any CPU
		{C34ED99C-169F-4C11-9632-AEE9188B2C14}.Release|Any CPU.Build.0 = Release|Any CPU
	EndGlobalSection
	GlobalSection(SolutionProperties) = preSolution
		HideSolutionNode = FALSE
	EndGlobalSection
	GlobalSection(ExtensibilityGlobals) = postSolution
		SolutionGuid = {EF685CF1-7984-449C-99D4-CBF2BF21CCE7}
	EndGlobalSection
EndGlobal
